
Microsoft Visual Studio Solution File, Format Version 12.00
# Visual Studio 15
VisualStudioVersion = 15.0.28307.1433
MinimumVisualStudioVersion = 10.0.40219.1
Project("{FAE04EC0-301F-11D3-BF4B-00C04F79EFBC}") = "Calculator", "Calculator\Calculator.csproj", "{8311B976-BA2F-4A35-AE9B-6DF6DF38C14E}"
EndProject
Global
	GlobalSection(SolutionConfigurationPlatforms) = preSolution
		Debug|Any CPU = Debug|Any CPU
		Release|Any CPU = Release|Any CPU
	EndGlobalSection
	GlobalSection(ProjectConfigurationPlatforms) = postSolution
		{8311B976-BA2F-4A35-AE9B-6DF6DF38C14E}.Debug|Any CPU.ActiveCfg = Debug|Any CPU
		{8311B976-BA2F-4A35-AE9B-6DF6DF38C14E}.Debug|Any CPU.Build.0 = Debug|Any CPU
		{8311B976-BA2F-4A35-AE9B-6DF6DF38C14E}.Release|Any CPU.ActiveCfg = Release|Any CPU
		{8311B976-BA2F-4A35-AE9B-6DF6DF38C14E}.Release|Any CPU.Build.0 = Release|Any CPU
	EndGlobalSection
	GlobalSection(SolutionProperties) = preSolution
		HideSolutionNode = FALSE
	EndGlobalSection
	GlobalSection(ExtensibilityGlobals) = postSolution
		SolutionGuid = {3145D342-B2E9-4C8E-8091-C664DB3225BF}
	EndGlobalSection
EndGlobal
