
Microsoft Visual Studio Solution File, Format Version 12.00
# Visual Studio Version 16
VisualStudioVersion = 16.0.31424.327
MinimumVisualStudioVersion = 10.0.40219.1
Project("{FAE04EC0-301F-11D3-BF4B-00C04F79EFBC}") = "PartialClassMethod", "PartialClassMethod\PartialClassMethod.csproj", "{B48DE632-643F-41A2-9F9F-E49EACC55C1A}"
EndProject
Global
	GlobalSection(SolutionConfigurationPlatforms) = preSolution
		Debug|Any CPU = Debug|Any CPU
		Release|Any CPU = Release|Any CPU
	EndGlobalSection
	GlobalSection(ProjectConfigurationPlatforms) = postSolution
		{B48DE632-643F-41A2-9F9F-E49EACC55C1A}.Debug|Any CPU.ActiveCfg = Debug|Any CPU
		{B48DE632-643F-41A2-9F9F-E49EACC55C1A}.Debug|Any CPU.Build.0 = Debug|Any CPU
		{B48DE632-643F-41A2-9F9F-E49EACC55C1A}.Release|Any CPU.ActiveCfg = Release|Any CPU
		{B48DE632-643F-41A2-9F9F-E49EACC55C1A}.Release|Any CPU.Build.0 = Release|Any CPU
	EndGlobalSection
	GlobalSection(SolutionProperties) = preSolution
		HideSolutionNode = FALSE
	EndGlobalSection
	GlobalSection(ExtensibilityGlobals) = postSolution
		SolutionGuid = {A568B262-4B5C-44A8-9A72-965DD8BBF854}
	EndGlobalSection
EndGlobal
