
Microsoft Visual Studio Solution File, Format Version 12.00
# Visual Studio 15
VisualStudioVersion = 15.0.28307.1433
MinimumVisualStudioVersion = 10.0.40219.1
Project("{FAE04EC0-301F-11D3-BF4B-00C04F79EFBC}") = "Bank", "Bank\Bank.csproj", "{ABA5060F-D459-4F25-A44D-4F50C6BF1459}"
EndProject
Global
	GlobalSection(SolutionConfigurationPlatforms) = preSolution
		Debug|Any CPU = Debug|Any CPU
		Release|Any CPU = Release|Any CPU
	EndGlobalSection
	GlobalSection(ProjectConfigurationPlatforms) = postSolution
		{ABA5060F-D459-4F25-A44D-4F50C6BF1459}.Debug|Any CPU.ActiveCfg = Debug|Any CPU
		{ABA5060F-D459-4F25-A44D-4F50C6BF1459}.Debug|Any CPU.Build.0 = Debug|Any CPU
		{ABA5060F-D459-4F25-A44D-4F50C6BF1459}.Release|Any CPU.ActiveCfg = Release|Any CPU
		{ABA5060F-D459-4F25-A44D-4F50C6BF1459}.Release|Any CPU.Build.0 = Release|Any CPU
	EndGlobalSection
	GlobalSection(SolutionProperties) = preSolution
		HideSolutionNode = FALSE
	EndGlobalSection
	GlobalSection(ExtensibilityGlobals) = postSolution
		SolutionGuid = {26E242D3-494D-4C30-9447-1BBDF05D7138}
	EndGlobalSection
EndGlobal
